{
  "name": "cursonextjs",
  "version": "1.0.0",
  "lockfileVersion": 3,
  "requires": true,
  "packages": {
    "": {
      "name": "cursonextjs",
      "version": "1.0.0",
      "license": "ISC",
      "dependencies": {
        "@primer/octicons-react": "^19.15.2"
      }
    },
    "node_modules/@primer/octicons-react": {
      "version": "19.15.2",
      "resolved": "https://registry.npmjs.org/@primer/octicons-react/-/octicons-react-19.15.2.tgz",
      "integrity": "sha512-bVpBKLm5wOdVlwvjCU/uD4JeeVv5iQWpCO0kgkUYX7yzGgV0mf427kdzqKacYMY5rgcbpmiCKAqFe4j6hXz0ow==",
      "engines": {
        "node": ">=8"
      },
      "peerDependencies": {
        "react": ">=16.3"
      }
    },
    "node_modules/react": {
      "version": "19.1.0",
      "resolved": "https://registry.npmjs.org/react/-/react-19.1.0.tgz",
      "integrity": "sha512-FS+XFBNvn3GTAWq26joslQgWNoFu08F4kl0J4CgdNKADkdSGXQyTCnKteIAJy96Br6YbpEU1LSzV5dYtjMkMDg==",
      "peer": true,
      "engines": {
        "node": ">=0.10.0"
      }
    }
  }
}
